
Microsoft Visual Studio Solution File, Format Version 12.00
# Visual Studio Version 16
VisualStudioVersion = 16.0.31112.23
MinimumVisualStudioVersion = 10.0.40219.1
Project("{9A19103F-16F7-4668-BE54-9A1E7A4F7556}") = "Gagharv", "Gagharv\Gagharv.csproj", "{7BB4605C-6847-4BBE-BDC4-CC8E89E8AF79}"
EndProject
Project("{9A19103F-16F7-4668-BE54-9A1E7A4F7556}") = "ConsoleApp", "ConsoleApp\ConsoleApp.csproj", "{D6D1CAB6-E0EF-4D5A-86B2-43AC7A18CCD0}"
EndProject
Project("{9A19103F-16F7-4668-BE54-9A1E7A4F7556}") = "Mcvein", "Mcvein\Mcvein.csproj", "{95DC5268-954B-466F-A91B-C395ECCA332C}"
EndProject
Project("{9A19103F-16F7-4668-BE54-9A1E7A4F7556}") = "Una", "Una\Una.csproj", "{95BA775D-DFB0-4ECE-AA17-A2DC979906FE}"
EndProject
Project("{9A19103F-16F7-4668-BE54-9A1E7A4F7556}") = "Penisora", "Penisora\Penisora.csproj", "{BE4314E0-2141-4F81-A4AC-DAAAFAE5351E}"
EndProject
Project("{9A19103F-16F7-4668-BE54-9A1E7A4F7556}") = "Ohestren", "Ohestren\Ohestren.csproj", "{D64D2C6E-F79C-4F03-8A33-30F516745467}"
EndProject
Project("{9A19103F-16F7-4668-BE54-9A1E7A4F7556}") = "Fort", "Fort\Fort.csproj", "{FE7608E5-C96F-49BF-8D1A-7888BCFA9256}"
EndProject
Project("{FAE04EC0-301F-11D3-BF4B-00C04F79EFBC}") = "Numeros", "Numeros\Numeros.csproj", "{8A29D671-2D39-4EA0-A1F8-6531FF807E4B}"
EndProject
Global
	GlobalSection(SolutionConfigurationPlatforms) = preSolution
		Debug|Any CPU = Debug|Any CPU
		Release|Any CPU = Release|Any CPU
	EndGlobalSection
	GlobalSection(ProjectConfigurationPlatforms) = postSolution
		{7BB4605C-6847-4BBE-BDC4-CC8E89E8AF79}.Debug|Any CPU.ActiveCfg = Debug|Any CPU
		{7BB4605C-6847-4BBE-BDC4-CC8E89E8AF79}.Debug|Any CPU.Build.0 = Debug|Any CPU
		{7BB4605C-6847-4BBE-BDC4-CC8E89E8AF79}.Release|Any CPU.ActiveCfg = Release|Any CPU
		{7BB4605C-6847-4BBE-BDC4-CC8E89E8AF79}.Release|Any CPU.Build.0 = Release|Any CPU
		{D6D1CAB6-E0EF-4D5A-86B2-43AC7A18CCD0}.Debug|Any CPU.ActiveCfg = Debug|Any CPU
		{D6D1CAB6-E0EF-4D5A-86B2-43AC7A18CCD0}.Debug|Any CPU.Build.0 = Debug|Any CPU
		{D6D1CAB6-E0EF-4D5A-86B2-43AC7A18CCD0}.Release|Any CPU.ActiveCfg = Release|Any CPU
		{D6D1CAB6-E0EF-4D5A-86B2-43AC7A18CCD0}.Release|Any CPU.Build.0 = Release|Any CPU
		{95DC5268-954B-466F-A91B-C395ECCA332C}.Debug|Any CPU.ActiveCfg = Debug|Any CPU
		{95DC5268-954B-466F-A91B-C395ECCA332C}.Debug|Any CPU.Build.0 = Debug|Any CPU
		{95DC5268-954B-466F-A91B-C395ECCA332C}.Release|Any CPU.ActiveCfg = Release|Any CPU
		{95DC5268-954B-466F-A91B-C395ECCA332C}.Release|Any CPU.Build.0 = Release|Any CPU
		{95BA775D-DFB0-4ECE-AA17-A2DC979906FE}.Debug|Any CPU.ActiveCfg = Debug|Any CPU
		{95BA775D-DFB0-4ECE-AA17-A2DC979906FE}.Debug|Any CPU.Build.0 = Debug|Any CPU
		{95BA775D-DFB0-4ECE-AA17-A2DC979906FE}.Release|Any CPU.ActiveCfg = Release|Any CPU
		{95BA775D-DFB0-4ECE-AA17-A2DC979906FE}.Release|Any CPU.Build.0 = Release|Any CPU
		{BE4314E0-2141-4F81-A4AC-DAAAFAE5351E}.Debug|Any CPU.ActiveCfg = Debug|Any CPU
		{BE4314E0-2141-4F81-A4AC-DAAAFAE5351E}.Debug|Any CPU.Build.0 = Debug|Any CPU
		{BE4314E0-2141-4F81-A4AC-DAAAFAE5351E}.Release|Any CPU.ActiveCfg = Release|Any CPU
		{BE4314E0-2141-4F81-A4AC-DAAAFAE5351E}.Release|Any CPU.Build.0 = Release|Any CPU
		{D64D2C6E-F79C-4F03-8A33-30F516745467}.Debug|Any CPU.ActiveCfg = Debug|Any CPU
		{D64D2C6E-F79C-4F03-8A33-30F516745467}.Debug|Any CPU.Build.0 = Debug|Any CPU
		{D64D2C6E-F79C-4F03-8A33-30F516745467}.Release|Any CPU.ActiveCfg = Release|Any CPU
		{D64D2C6E-F79C-4F03-8A33-30F516745467}.Release|Any CPU.Build.0 = Release|Any CPU
		{FE7608E5-C96F-49BF-8D1A-7888BCFA9256}.Debug|Any CPU.ActiveCfg = Debug|Any CPU
		{FE7608E5-C96F-49BF-8D1A-7888BCFA9256}.Debug|Any CPU.Build.0 = Debug|Any CPU
		{FE7608E5-C96F-49BF-8D1A-7888BCFA9256}.Release|Any CPU.ActiveCfg = Release|Any CPU
		{FE7608E5-C96F-49BF-8D1A-7888BCFA9256}.Release|Any CPU.Build.0 = Release|Any CPU
		{8A29D671-2D39-4EA0-A1F8-6531FF807E4B}.Debug|Any CPU.ActiveCfg = Debug|Any CPU
		{8A29D671-2D39-4EA0-A1F8-6531FF807E4B}.Debug|Any CPU.Build.0 = Debug|Any CPU
		{8A29D671-2D39-4EA0-A1F8-6531FF807E4B}.Release|Any CPU.ActiveCfg = Release|Any CPU
		{8A29D671-2D39-4EA0-A1F8-6531FF807E4B}.Release|Any CPU.Build.0 = Release|Any CPU
	EndGlobalSection
	GlobalSection(SolutionProperties) = preSolution
		HideSolutionNode = FALSE
	EndGlobalSection
	GlobalSection(ExtensibilityGlobals) = postSolution
		SolutionGuid = {D01AB6DA-CDF8-4649-945A-69E9237E5602}
	EndGlobalSection
EndGlobal
